{
  "name": "rollup-daemi",
  "version": "1.0.0",
  "lockfileVersion": 1,
  "requires": true,
  "dependencies": {
    "@types/estree": {
      "version": "0.0.39",
      "resolved": "https://registry.npmjs.org/@types/estree/-/estree-0.0.39.tgz",
      "integrity": "sha512-EYNwp3bU+98cpU4lAWYYL7Zz+2gryWH1qbdDTidVd6hkiR6weksdbMadyXKXNPEkQFhXM+hVO9ZygomHXp+AIw==",
      "dev": true
    },
    "@types/node": {
      "version": "10.12.5",
      "resolved": "https://registry.npmjs.org/@types/node/-/node-10.12.5.tgz",
      "integrity": "sha512-GzdHjq3t3eGLMv92Al90Iq+EoLL+86mPfQhuglbBFO7HiLdC/rkt+zrzJJumAiBF6nsrBWhou22rPW663AAyFw==",
      "dev": true
    },
    "rollup": {
      "version": "0.67.1",
      "resolved": "https://registry.npmjs.org/rollup/-/rollup-0.67.1.tgz",
      "integrity": "sha512-BfwL9pw5VyxrAWx/G1tP8epgG+NH4KcR78aoWacV7+dFp1Mj6ynH8QTIC/lDQ3KlwzDakqZmJQ4LQ7TmLg+pBA==",
      "dev": true,
      "requires": {
        "@types/estree": "0.0.39",
        "@types/node": "*"
      }
    }
  }
}
